github.com/pocke/go-minisat v0.0.0-20181117161337-a2ca4bb56946 h1:6OTxHBnmztM60tlqJPGupcRDtaVpRWbI+TYOxQo2y7s=
github.com/pocke/go-minisat v0.0.0-20181117161337-a2ca4bb56946/go.mod h1:rqLSt/03EBRGaB3JgBimjF15S5Po+kOAt9LB8QyhvG8=
golang.org/x/tour v0.1.0 h1:OWzbINRoGf1wwBhKdFDpYwM88NM0d1SL/Nj6PagS6YE=
golang.org/x/tour v0.1.0/go.mod h1:DUZC6G8mR1AXgXy73r8qt/G5RsefKIlSj6jBMc8b9Wc=
